
Microsoft Visual Studio Solution File, Format Version 12.00
# Visual Studio 15
Project("{FAE04EC0-301F-11D3-BF4B-00C04F79EFBC}") = "Assembly-CSharp", "Assembly-CSharp.csproj", "{1BB41CA7-CA6D-4976-7667-0F4E5F53513A}"
EndProject
Project("{FAE04EC0-301F-11D3-BF4B-00C04F79EFBC}") = "Assembly-CSharp-Editor", "Assembly-CSharp-Editor.csproj", "{4F5E63BB-9CEB-F0A3-BC89-1FD2D07FA62B}"
EndProject
Global
	GlobalSection(SolutionConfigurationPlatforms) = preSolution
		Debug|Any CPU = Debug|Any CPU
		Release|Any CPU = Release|Any CPU
	EndGlobalSection
	GlobalSection(ProjectConfigurationPlatforms) = postSolution
		{1BB41CA7-CA6D-4976-7667-0F4E5F53513A}.Debug|Any CPU.ActiveCfg = Debug|Any CPU
		{1BB41CA7-CA6D-4976-7667-0F4E5F53513A}.Debug|Any CPU.Build.0 = Debug|Any CPU
		{1BB41CA7-CA6D-4976-7667-0F4E5F53513A}.Release|Any CPU.ActiveCfg = Release|Any CPU
		{1BB41CA7-CA6D-4976-7667-0F4E5F53513A}.Release|Any CPU.Build.0 = Release|Any CPU
		{4F5E63BB-9CEB-F0A3-BC89-1FD2D07FA62B}.Debug|Any CPU.ActiveCfg = Debug|Any CPU
		{4F5E63BB-9CEB-F0A3-BC89-1FD2D07FA62B}.Debug|Any CPU.Build.0 = Debug|Any CPU
		{4F5E63BB-9CEB-F0A3-BC89-1FD2D07FA62B}.Release|Any CPU.ActiveCfg = Release|Any CPU
		{4F5E63BB-9CEB-F0A3-BC89-1FD2D07FA62B}.Release|Any CPU.Build.0 = Release|Any CPU
	EndGlobalSection
	GlobalSection(SolutionProperties) = preSolution
		HideSolutionNode = FALSE
	EndGlobalSection
EndGlobal
