
Microsoft Visual Studio Solution File, Format Version 12.00
# Visual Studio 15
Project("{FAE04EC0-301F-11D3-BF4B-00C04F79EFBC}") = "Assembly-CSharp", "Assembly-CSharp.csproj", "{1BB41CA7-CA6D-4976-7667-0F4E5F53513A}"
EndProject
Project("{FAE04EC0-301F-11D3-BF4B-00C04F79EFBC}") = "Unity.Timeline", "Unity.Timeline.csproj", "{588FF83C-854A-2E42-4DC1-1E57D9A380B3}"
EndProject
Project("{FAE04EC0-301F-11D3-BF4B-00C04F79EFBC}") = "Unity.Timeline.Editor", "Unity.Timeline.Editor.csproj", "{02398639-D217-E86C-C5DD-E9403FC0ED89}"
EndProject
Project("{FAE04EC0-301F-11D3-BF4B-00C04F79EFBC}") = "Unity.TextMeshPro.Editor", "Unity.TextMeshPro.Editor.csproj", "{16472007-A93A-69A5-CD95-DAD330C505C6}"
EndProject
Project("{FAE04EC0-301F-11D3-BF4B-00C04F79EFBC}") = "Unity.PlasticSCM.Editor", "Unity.PlasticSCM.Editor.csproj", "{42A534EA-277D-4517-A9C0-FB98D7CD24E8}"
EndProject
Project("{FAE04EC0-301F-11D3-BF4B-00C04F79EFBC}") = "Unity.VisualScripting.Flow", "Unity.VisualScripting.Flow.csproj", "{669FBADC-2469-891F-400A-84C401734063}"
EndProject
Project("{FAE04EC0-301F-11D3-BF4B-00C04F79EFBC}") = "UnityEditor.UI", "UnityEditor.UI.csproj", "{5A0BD390-06BE-637E-C6D3-7F7264DCB00B}"
EndProject
Project("{FAE04EC0-301F-11D3-BF4B-00C04F79EFBC}") = "Unity.AdaptivePerformance", "Unity.AdaptivePerformance.csproj", "{7E840819-B071-D910-90C7-92CAEAA2AC19}"
EndProject
Project("{FAE04EC0-301F-11D3-BF4B-00C04F79EFBC}") = "Unity.VisualScripting.Core", "Unity.VisualScripting.Core.csproj", "{CB5CD7E1-3A17-630B-728D-093CE5187E06}"
EndProject
Project("{FAE04EC0-301F-11D3-BF4B-00C04F79EFBC}") = "Unity.VisualScripting.Core.Editor", "Unity.VisualScripting.Core.Editor.csproj", "{A198A929-37E5-D643-09B9-3E51B14649D9}"
EndProject
Project("{FAE04EC0-301F-11D3-BF4B-00C04F79EFBC}") = "Unity.VisualScripting.Flow.Editor", "Unity.VisualScripting.Flow.Editor.csproj", "{3375162B-573D-9AFF-3D48-A56E8C694E77}"
EndProject
Project("{FAE04EC0-301F-11D3-BF4B-00C04F79EFBC}") = "UnityEditor.TestRunner", "UnityEditor.TestRunner.csproj", "{6B9B0517-971A-46C5-B984-B6298AFC920C}"
EndProject
Project("{FAE04EC0-301F-11D3-BF4B-00C04F79EFBC}") = "Unity.VisualScripting.SettingsProvider.Editor", "Unity.VisualScripting.SettingsProvider.Editor.csproj", "{9C3F70B5-E83B-505F-5E84-FC1A7422442F}"
EndProject
Project("{FAE04EC0-301F-11D3-BF4B-00C04F79EFBC}") = "UnityEngine.TestRunner", "UnityEngine.TestRunner.csproj", "{28E206AB-5FCA-5EEE-47C9-002BBEFC71C8}"
EndProject
Project("{FAE04EC0-301F-11D3-BF4B-00C04F79EFBC}") = "UnityEngine.UI", "UnityEngine.UI.csproj", "{11208041-03E4-C0CA-DD14-BD9F22A3D0DE}"
EndProject
Project("{FAE04EC0-301F-11D3-BF4B-00C04F79EFBC}") = "Unity.VisualStudio.Editor", "Unity.VisualStudio.Editor.csproj", "{7AE3E0B6-18B5-2F04-8D3A-400421A89F01}"
EndProject
Project("{FAE04EC0-301F-11D3-BF4B-00C04F79EFBC}") = "Unity.AdaptivePerformance.Simulator.VRR.Extension", "Unity.AdaptivePerformance.Simulator.VRR.Extension.csproj", "{51E15543-832F-71E7-50C2-AAEA03E9B0D1}"
EndProject
Project("{FAE04EC0-301F-11D3-BF4B-00C04F79EFBC}") = "Unity.Rider.Editor", "Unity.Rider.Editor.csproj", "{0D726621-DF10-EB8B-DF03-01184E9CC3C5}"
EndProject
Project("{FAE04EC0-301F-11D3-BF4B-00C04F79EFBC}") = "Unity.CollabProxy.Editor", "Unity.CollabProxy.Editor.csproj", "{14872967-94A4-98E5-85D8-01D10A35958F}"
EndProject
Project("{FAE04EC0-301F-11D3-BF4B-00C04F79EFBC}") = "Unity.VisualScripting.State.Editor", "Unity.VisualScripting.State.Editor.csproj", "{575FC0A7-5649-31F0-7F73-C638E9BD7124}"
EndProject
Project("{FAE04EC0-301F-11D3-BF4B-00C04F79EFBC}") = "Unity.VisualScripting.State", "Unity.VisualScripting.State.csproj", "{8675A1C7-2DA8-C170-0D77-9D638AF6041C}"
EndProject
Project("{FAE04EC0-301F-11D3-BF4B-00C04F79EFBC}") = "Unity.TextMeshPro", "Unity.TextMeshPro.csproj", "{9A951974-040F-5B22-E554-F91ABDEA0E22}"
EndProject
Project("{FAE04EC0-301F-11D3-BF4B-00C04F79EFBC}") = "Unity.AdaptivePerformance.Editor", "Unity.AdaptivePerformance.Editor.csproj", "{7EA67A18-DCE5-2C9F-047B-B5323408FCD7}"
EndProject
Project("{FAE04EC0-301F-11D3-BF4B-00C04F79EFBC}") = "Unity.VSCode.Editor", "Unity.VSCode.Editor.csproj", "{CAACE7E0-EC98-8A5A-5D20-73E93F262866}"
EndProject
Project("{FAE04EC0-301F-11D3-BF4B-00C04F79EFBC}") = "Unity.2D.Sprite.Editor", "Unity.2D.Sprite.Editor.csproj", "{5EABBF8F-8F27-25AE-38B0-13196C807827}"
EndProject
Project("{FAE04EC0-301F-11D3-BF4B-00C04F79EFBC}") = "Unity.AdaptivePerformance.Profiler.Editor", "Unity.AdaptivePerformance.Profiler.Editor.csproj", "{653D0878-91C4-5437-637B-80960FFAC4E8}"
EndProject
Project("{FAE04EC0-301F-11D3-BF4B-00C04F79EFBC}") = "Unity.AdaptivePerformance.UI.Editor", "Unity.AdaptivePerformance.UI.Editor.csproj", "{4E873FF6-2B67-0AF3-43C8-D2DA3CB06F97}"
EndProject
Project("{FAE04EC0-301F-11D3-BF4B-00C04F79EFBC}") = "Unity.AdaptivePerformance.Simulator.Extension", "Unity.AdaptivePerformance.Simulator.Extension.csproj", "{A3A64505-CED1-F009-A834-FF227CAA18CD}"
EndProject
Project("{FAE04EC0-301F-11D3-BF4B-00C04F79EFBC}") = "Unity.Profiling.Core", "Unity.Profiling.Core.csproj", "{6A437F0C-E636-446D-6DB7-1AE8D4C3F3A3}"
EndProject
Project("{FAE04EC0-301F-11D3-BF4B-00C04F79EFBC}") = "Unity.AdaptivePerformance.Samsung.Android", "Unity.AdaptivePerformance.Samsung.Android.csproj", "{9C423725-7306-5F4A-F669-9E51FB7C34DB}"
EndProject
Project("{FAE04EC0-301F-11D3-BF4B-00C04F79EFBC}") = "Unity.AdaptivePerformance.Simulator.Editor", "Unity.AdaptivePerformance.Simulator.Editor.csproj", "{3AA779F5-EF95-0626-1F91-CB89AEE748F4}"
EndProject
Project("{FAE04EC0-301F-11D3-BF4B-00C04F79EFBC}") = "Unity.AdaptivePerformance.Samsung.Android.Editor", "Unity.AdaptivePerformance.Samsung.Android.Editor.csproj", "{74554144-E5E5-47B0-B5E9-30FFC36E0C40}"
EndProject
Project("{FAE04EC0-301F-11D3-BF4B-00C04F79EFBC}") = "Unity.VisualScripting.Shared.Editor", "Unity.VisualScripting.Shared.Editor.csproj", "{E8CCE378-4258-2C80-6FD4-33F99991C8E3}"
EndProject
Project("{FAE04EC0-301F-11D3-BF4B-00C04F79EFBC}") = "Assembly-CSharp", "Assembly-CSharp.Player.csproj", "{105EBAC8-B656-0CC5-4645-99FB3695D5CE}"
EndProject
Project("{FAE04EC0-301F-11D3-BF4B-00C04F79EFBC}") = "Unity.Timeline", "Unity.Timeline.Player.csproj", "{9A2B2B49-A3D4-F19B-FE10-848F38052564}"
EndProject
Project("{FAE04EC0-301F-11D3-BF4B-00C04F79EFBC}") = "Unity.VisualScripting.Flow", "Unity.VisualScripting.Flow.Player.csproj", "{FB939B01-65AC-74E1-CF4B-6F526540827E}"
EndProject
Project("{FAE04EC0-301F-11D3-BF4B-00C04F79EFBC}") = "Unity.AdaptivePerformance", "Unity.AdaptivePerformance.Player.csproj", "{54C02332-66CA-794D-0DDA-A7AA63F41AF0}"
EndProject
Project("{FAE04EC0-301F-11D3-BF4B-00C04F79EFBC}") = "Unity.VisualScripting.Core", "Unity.VisualScripting.Core.Player.csproj", "{CEAB3A36-B2BC-3C00-D256-4B043DCDBC42}"
EndProject
Project("{FAE04EC0-301F-11D3-BF4B-00C04F79EFBC}") = "UnityEngine.TestRunner", "UnityEngine.TestRunner.Player.csproj", "{D6BE9F54-05D5-544C-F795-E8E8FB0C9F7F}"
EndProject
Project("{FAE04EC0-301F-11D3-BF4B-00C04F79EFBC}") = "UnityEngine.UI", "UnityEngine.UI.Player.csproj", "{95294B77-FAB3-6BAE-9BA5-F20D2D5C05AD}"
EndProject
Project("{FAE04EC0-301F-11D3-BF4B-00C04F79EFBC}") = "Unity.VisualScripting.State", "Unity.VisualScripting.State.Player.csproj", "{50C30809-AE72-571A-5DCC-A2C63630CCA5}"
EndProject
Project("{FAE04EC0-301F-11D3-BF4B-00C04F79EFBC}") = "Unity.TextMeshPro", "Unity.TextMeshPro.Player.csproj", "{34397FA1-E180-2794-D57A-234FE739EC65}"
EndProject
Project("{FAE04EC0-301F-11D3-BF4B-00C04F79EFBC}") = "Unity.Profiling.Core", "Unity.Profiling.Core.Player.csproj", "{FDC88AF8-1BF4-8324-DBAC-15D21EB38008}"
EndProject
Project("{FAE04EC0-301F-11D3-BF4B-00C04F79EFBC}") = "Unity.AdaptivePerformance.Samsung.Android", "Unity.AdaptivePerformance.Samsung.Android.Player.csproj", "{6DF51865-193C-7CE6-890E-326C11216BAC}"
EndProject
Global
	GlobalSection(SolutionConfigurationPlatforms) = preSolution
		Debug|Any CPU = Debug|Any CPU
		Release|Any CPU = Release|Any CPU
	EndGlobalSection
	GlobalSection(ProjectConfigurationPlatforms) = postSolution
		{1BB41CA7-CA6D-4976-7667-0F4E5F53513A}.Debug|Any CPU.ActiveCfg = Debug|Any CPU
		{1BB41CA7-CA6D-4976-7667-0F4E5F53513A}.Debug|Any CPU.Build.0 = Debug|Any CPU
		{1BB41CA7-CA6D-4976-7667-0F4E5F53513A}.Release|Any CPU.ActiveCfg = Release|Any CPU
		{1BB41CA7-CA6D-4976-7667-0F4E5F53513A}.Release|Any CPU.Build.0 = Release|Any CPU
		{588FF83C-854A-2E42-4DC1-1E57D9A380B3}.Debug|Any CPU.ActiveCfg = Debug|Any CPU
		{588FF83C-854A-2E42-4DC1-1E57D9A380B3}.Debug|Any CPU.Build.0 = Debug|Any CPU
		{588FF83C-854A-2E42-4DC1-1E57D9A380B3}.Release|Any CPU.ActiveCfg = Release|Any CPU
		{588FF83C-854A-2E42-4DC1-1E57D9A380B3}.Release|Any CPU.Build.0 = Release|Any CPU
		{02398639-D217-E86C-C5DD-E9403FC0ED89}.Debug|Any CPU.ActiveCfg = Debug|Any CPU
		{02398639-D217-E86C-C5DD-E9403FC0ED89}.Debug|Any CPU.Build.0 = Debug|Any CPU
		{02398639-D217-E86C-C5DD-E9403FC0ED89}.Release|Any CPU.ActiveCfg = Release|Any CPU
		{02398639-D217-E86C-C5DD-E9403FC0ED89}.Release|Any CPU.Build.0 = Release|Any CPU
		{16472007-A93A-69A5-CD95-DAD330C505C6}.Debug|Any CPU.ActiveCfg = Debug|Any CPU
		{16472007-A93A-69A5-CD95-DAD330C505C6}.Debug|Any CPU.Build.0 = Debug|Any CPU
		{16472007-A93A-69A5-CD95-DAD330C505C6}.Release|Any CPU.ActiveCfg = Release|Any CPU
		{16472007-A93A-69A5-CD95-DAD330C505C6}.Release|Any CPU.Build.0 = Release|Any CPU
		{42A534EA-277D-4517-A9C0-FB98D7CD24E8}.Debug|Any CPU.ActiveCfg = Debug|Any CPU
		{42A534EA-277D-4517-A9C0-FB98D7CD24E8}.Debug|Any CPU.Build.0 = Debug|Any CPU
		{42A534EA-277D-4517-A9C0-FB98D7CD24E8}.Release|Any CPU.ActiveCfg = Release|Any CPU
		{42A534EA-277D-4517-A9C0-FB98D7CD24E8}.Release|Any CPU.Build.0 = Release|Any CPU
		{669FBADC-2469-891F-400A-84C401734063}.Debug|Any CPU.ActiveCfg = Debug|Any CPU
		{669FBADC-2469-891F-400A-84C401734063}.Debug|Any CPU.Build.0 = Debug|Any CPU
		{669FBADC-2469-891F-400A-84C401734063}.Release|Any CPU.ActiveCfg = Release|Any CPU
		{669FBADC-2469-891F-400A-84C401734063}.Release|Any CPU.Build.0 = Release|Any CPU
		{5A0BD390-06BE-637E-C6D3-7F7264DCB00B}.Debug|Any CPU.ActiveCfg = Debug|Any CPU
		{5A0BD390-06BE-637E-C6D3-7F7264DCB00B}.Debug|Any CPU.Build.0 = Debug|Any CPU
		{5A0BD390-06BE-637E-C6D3-7F7264DCB00B}.Release|Any CPU.ActiveCfg = Release|Any CPU
		{5A0BD390-06BE-637E-C6D3-7F7264DCB00B}.Release|Any CPU.Build.0 = Release|Any CPU
		{7E840819-B071-D910-90C7-92CAEAA2AC19}.Debug|Any CPU.ActiveCfg = Debug|Any CPU
		{7E840819-B071-D910-90C7-92CAEAA2AC19}.Debug|Any CPU.Build.0 = Debug|Any CPU
		{7E840819-B071-D910-90C7-92CAEAA2AC19}.Release|Any CPU.ActiveCfg = Release|Any CPU
		{7E840819-B071-D910-90C7-92CAEAA2AC19}.Release|Any CPU.Build.0 = Release|Any CPU
		{CB5CD7E1-3A17-630B-728D-093CE5187E06}.Debug|Any CPU.ActiveCfg = Debug|Any CPU
		{CB5CD7E1-3A17-630B-728D-093CE5187E06}.Debug|Any CPU.Build.0 = Debug|Any CPU
		{CB5CD7E1-3A17-630B-728D-093CE5187E06}.Release|Any CPU.ActiveCfg = Release|Any CPU
		{CB5CD7E1-3A17-630B-728D-093CE5187E06}.Release|Any CPU.Build.0 = Release|Any CPU
		{A198A929-37E5-D643-09B9-3E51B14649D9}.Debug|Any CPU.ActiveCfg = Debug|Any CPU
		{A198A929-37E5-D643-09B9-3E51B14649D9}.Debug|Any CPU.Build.0 = Debug|Any CPU
		{A198A929-37E5-D643-09B9-3E51B14649D9}.Release|Any CPU.ActiveCfg = Release|Any CPU
		{A198A929-37E5-D643-09B9-3E51B14649D9}.Release|Any CPU.Build.0 = Release|Any CPU
		{3375162B-573D-9AFF-3D48-A56E8C694E77}.Debug|Any CPU.ActiveCfg = Debug|Any CPU
		{3375162B-573D-9AFF-3D48-A56E8C694E77}.Debug|Any CPU.Build.0 = Debug|Any CPU
		{3375162B-573D-9AFF-3D48-A56E8C694E77}.Release|Any CPU.ActiveCfg = Release|Any CPU
		{3375162B-573D-9AFF-3D48-A56E8C694E77}.Release|Any CPU.Build.0 = Release|Any CPU
		{6B9B0517-971A-46C5-B984-B6298AFC920C}.Debug|Any CPU.ActiveCfg = Debug|Any CPU
		{6B9B0517-971A-46C5-B984-B6298AFC920C}.Debug|Any CPU.Build.0 = Debug|Any CPU
		{6B9B0517-971A-46C5-B984-B6298AFC920C}.Release|Any CPU.ActiveCfg = Release|Any CPU
		{6B9B0517-971A-46C5-B984-B6298AFC920C}.Release|Any CPU.Build.0 = Release|Any CPU
		{9C3F70B5-E83B-505F-5E84-FC1A7422442F}.Debug|Any CPU.ActiveCfg = Debug|Any CPU
		{9C3F70B5-E83B-505F-5E84-FC1A7422442F}.Debug|Any CPU.Build.0 = Debug|Any CPU
		{9C3F70B5-E83B-505F-5E84-FC1A7422442F}.Release|Any CPU.ActiveCfg = Release|Any CPU
		{9C3F70B5-E83B-505F-5E84-FC1A7422442F}.Release|Any CPU.Build.0 = Release|Any CPU
		{28E206AB-5FCA-5EEE-47C9-002BBEFC71C8}.Debug|Any CPU.ActiveCfg = Debug|Any CPU
		{28E206AB-5FCA-5EEE-47C9-002BBEFC71C8}.Debug|Any CPU.Build.0 = Debug|Any CPU
		{28E206AB-5FCA-5EEE-47C9-002BBEFC71C8}.Release|Any CPU.ActiveCfg = Release|Any CPU
		{28E206AB-5FCA-5EEE-47C9-002BBEFC71C8}.Release|Any CPU.Build.0 = Release|Any CPU
		{11208041-03E4-C0CA-DD14-BD9F22A3D0DE}.Debug|Any CPU.ActiveCfg = Debug|Any CPU
		{11208041-03E4-C0CA-DD14-BD9F22A3D0DE}.Debug|Any CPU.Build.0 = Debug|Any CPU
		{11208041-03E4-C0CA-DD14-BD9F22A3D0DE}.Release|Any CPU.ActiveCfg = Release|Any CPU
		{11208041-03E4-C0CA-DD14-BD9F22A3D0DE}.Release|Any CPU.Build.0 = Release|Any CPU
		{7AE3E0B6-18B5-2F04-8D3A-400421A89F01}.Debug|Any CPU.ActiveCfg = Debug|Any CPU
		{7AE3E0B6-18B5-2F04-8D3A-400421A89F01}.Debug|Any CPU.Build.0 = Debug|Any CPU
		{7AE3E0B6-18B5-2F04-8D3A-400421A89F01}.Release|Any CPU.ActiveCfg = Release|Any CPU
		{7AE3E0B6-18B5-2F04-8D3A-400421A89F01}.Release|Any CPU.Build.0 = Release|Any CPU
		{51E15543-832F-71E7-50C2-AAEA03E9B0D1}.Debug|Any CPU.ActiveCfg = Debug|Any CPU
		{51E15543-832F-71E7-50C2-AAEA03E9B0D1}.Debug|Any CPU.Build.0 = Debug|Any CPU
		{51E15543-832F-71E7-50C2-AAEA03E9B0D1}.Release|Any CPU.ActiveCfg = Release|Any CPU
		{51E15543-832F-71E7-50C2-AAEA03E9B0D1}.Release|Any CPU.Build.0 = Release|Any CPU
		{0D726621-DF10-EB8B-DF03-01184E9CC3C5}.Debug|Any CPU.ActiveCfg = Debug|Any CPU
		{0D726621-DF10-EB8B-DF03-01184E9CC3C5}.Debug|Any CPU.Build.0 = Debug|Any CPU
		{0D726621-DF10-EB8B-DF03-01184E9CC3C5}.Release|Any CPU.ActiveCfg = Release|Any CPU
		{0D726621-DF10-EB8B-DF03-01184E9CC3C5}.Release|Any CPU.Build.0 = Release|Any CPU
		{14872967-94A4-98E5-85D8-01D10A35958F}.Debug|Any CPU.ActiveCfg = Debug|Any CPU
		{14872967-94A4-98E5-85D8-01D10A35958F}.Debug|Any CPU.Build.0 = Debug|Any CPU
		{14872967-94A4-98E5-85D8-01D10A35958F}.Release|Any CPU.ActiveCfg = Release|Any CPU
		{14872967-94A4-98E5-85D8-01D10A35958F}.Release|Any CPU.Build.0 = Release|Any CPU
		{575FC0A7-5649-31F0-7F73-C638E9BD7124}.Debug|Any CPU.ActiveCfg = Debug|Any CPU
		{575FC0A7-5649-31F0-7F73-C638E9BD7124}.Debug|Any CPU.Build.0 = Debug|Any CPU
		{575FC0A7-5649-31F0-7F73-C638E9BD7124}.Release|Any CPU.ActiveCfg = Release|Any CPU
		{575FC0A7-5649-31F0-7F73-C638E9BD7124}.Release|Any CPU.Build.0 = Release|Any CPU
		{8675A1C7-2DA8-C170-0D77-9D638AF6041C}.Debug|Any CPU.ActiveCfg = Debug|Any CPU
		{8675A1C7-2DA8-C170-0D77-9D638AF6041C}.Debug|Any CPU.Build.0 = Debug|Any CPU
		{8675A1C7-2DA8-C170-0D77-9D638AF6041C}.Release|Any CPU.ActiveCfg = Release|Any CPU
		{8675A1C7-2DA8-C170-0D77-9D638AF6041C}.Release|Any CPU.Build.0 = Release|Any CPU
		{9A951974-040F-5B22-E554-F91ABDEA0E22}.Debug|Any CPU.ActiveCfg = Debug|Any CPU
		{9A951974-040F-5B22-E554-F91ABDEA0E22}.Debug|Any CPU.Build.0 = Debug|Any CPU
		{9A951974-040F-5B22-E554-F91ABDEA0E22}.Release|Any CPU.ActiveCfg = Release|Any CPU
		{9A951974-040F-5B22-E554-F91ABDEA0E22}.Release|Any CPU.Build.0 = Release|Any CPU
		{7EA67A18-DCE5-2C9F-047B-B5323408FCD7}.Debug|Any CPU.ActiveCfg = Debug|Any CPU
		{7EA67A18-DCE5-2C9F-047B-B5323408FCD7}.Debug|Any CPU.Build.0 = Debug|Any CPU
		{7EA67A18-DCE5-2C9F-047B-B5323408FCD7}.Release|Any CPU.ActiveCfg = Release|Any CPU
		{7EA67A18-DCE5-2C9F-047B-B5323408FCD7}.Release|Any CPU.Build.0 = Release|Any CPU
		{CAACE7E0-EC98-8A5A-5D20-73E93F262866}.Debug|Any CPU.ActiveCfg = Debug|Any CPU
		{CAACE7E0-EC98-8A5A-5D20-73E93F262866}.Debug|Any CPU.Build.0 = Debug|Any CPU
		{CAACE7E0-EC98-8A5A-5D20-73E93F262866}.Release|Any CPU.ActiveCfg = Release|Any CPU
		{CAACE7E0-EC98-8A5A-5D20-73E93F262866}.Release|Any CPU.Build.0 = Release|Any CPU
		{5EABBF8F-8F27-25AE-38B0-13196C807827}.Debug|Any CPU.ActiveCfg = Debug|Any CPU
		{5EABBF8F-8F27-25AE-38B0-13196C807827}.Debug|Any CPU.Build.0 = Debug|Any CPU
		{5EABBF8F-8F27-25AE-38B0-13196C807827}.Release|Any CPU.ActiveCfg = Release|Any CPU
		{5EABBF8F-8F27-25AE-38B0-13196C807827}.Release|Any CPU.Build.0 = Release|Any CPU
		{653D0878-91C4-5437-637B-80960FFAC4E8}.Debug|Any CPU.ActiveCfg = Debug|Any CPU
		{653D0878-91C4-5437-637B-80960FFAC4E8}.Debug|Any CPU.Build.0 = Debug|Any CPU
		{653D0878-91C4-5437-637B-80960FFAC4E8}.Release|Any CPU.ActiveCfg = Release|Any CPU
		{653D0878-91C4-5437-637B-80960FFAC4E8}.Release|Any CPU.Build.0 = Release|Any CPU
		{4E873FF6-2B67-0AF3-43C8-D2DA3CB06F97}.Debug|Any CPU.ActiveCfg = Debug|Any CPU
		{4E873FF6-2B67-0AF3-43C8-D2DA3CB06F97}.Debug|Any CPU.Build.0 = Debug|Any CPU
		{4E873FF6-2B67-0AF3-43C8-D2DA3CB06F97}.Release|Any CPU.ActiveCfg = Release|Any CPU
		{4E873FF6-2B67-0AF3-43C8-D2DA3CB06F97}.Release|Any CPU.Build.0 = Release|Any CPU
		{A3A64505-CED1-F009-A834-FF227CAA18CD}.Debug|Any CPU.ActiveCfg = Debug|Any CPU
		{A3A64505-CED1-F009-A834-FF227CAA18CD}.Debug|Any CPU.Build.0 = Debug|Any CPU
		{A3A64505-CED1-F009-A834-FF227CAA18CD}.Release|Any CPU.ActiveCfg = Release|Any CPU
		{A3A64505-CED1-F009-A834-FF227CAA18CD}.Release|Any CPU.Build.0 = Release|Any CPU
		{6A437F0C-E636-446D-6DB7-1AE8D4C3F3A3}.Debug|Any CPU.ActiveCfg = Debug|Any CPU
		{6A437F0C-E636-446D-6DB7-1AE8D4C3F3A3}.Debug|Any CPU.Build.0 = Debug|Any CPU
		{6A437F0C-E636-446D-6DB7-1AE8D4C3F3A3}.Release|Any CPU.ActiveCfg = Release|Any CPU
		{6A437F0C-E636-446D-6DB7-1AE8D4C3F3A3}.Release|Any CPU.Build.0 = Release|Any CPU
		{9C423725-7306-5F4A-F669-9E51FB7C34DB}.Debug|Any CPU.ActiveCfg = Debug|Any CPU
		{9C423725-7306-5F4A-F669-9E51FB7C34DB}.Debug|Any CPU.Build.0 = Debug|Any CPU
		{9C423725-7306-5F4A-F669-9E51FB7C34DB}.Release|Any CPU.ActiveCfg = Release|Any CPU
		{9C423725-7306-5F4A-F669-9E51FB7C34DB}.Release|Any CPU.Build.0 = Release|Any CPU
		{3AA779F5-EF95-0626-1F91-CB89AEE748F4}.Debug|Any CPU.ActiveCfg = Debug|Any CPU
		{3AA779F5-EF95-0626-1F91-CB89AEE748F4}.Debug|Any CPU.Build.0 = Debug|Any CPU
		{3AA779F5-EF95-0626-1F91-CB89AEE748F4}.Release|Any CPU.ActiveCfg = Release|Any CPU
		{3AA779F5-EF95-0626-1F91-CB89AEE748F4}.Release|Any CPU.Build.0 = Release|Any CPU
		{74554144-E5E5-47B0-B5E9-30FFC36E0C40}.Debug|Any CPU.ActiveCfg = Debug|Any CPU
		{74554144-E5E5-47B0-B5E9-30FFC36E0C40}.Debug|Any CPU.Build.0 = Debug|Any CPU
		{74554144-E5E5-47B0-B5E9-30FFC36E0C40}.Release|Any CPU.ActiveCfg = Release|Any CPU
		{74554144-E5E5-47B0-B5E9-30FFC36E0C40}.Release|Any CPU.Build.0 = Release|Any CPU
		{E8CCE378-4258-2C80-6FD4-33F99991C8E3}.Debug|Any CPU.ActiveCfg = Debug|Any CPU
		{E8CCE378-4258-2C80-6FD4-33F99991C8E3}.Debug|Any CPU.Build.0 = Debug|Any CPU
		{E8CCE378-4258-2C80-6FD4-33F99991C8E3}.Release|Any CPU.ActiveCfg = Release|Any CPU
		{E8CCE378-4258-2C80-6FD4-33F99991C8E3}.Release|Any CPU.Build.0 = Release|Any CPU
		{105EBAC8-B656-0CC5-4645-99FB3695D5CE}.Debug|Any CPU.ActiveCfg = Debug|Any CPU
		{105EBAC8-B656-0CC5-4645-99FB3695D5CE}.Debug|Any CPU.Build.0 = Debug|Any CPU
		{105EBAC8-B656-0CC5-4645-99FB3695D5CE}.Release|Any CPU.ActiveCfg = Release|Any CPU
		{105EBAC8-B656-0CC5-4645-99FB3695D5CE}.Release|Any CPU.Build.0 = Release|Any CPU
		{9A2B2B49-A3D4-F19B-FE10-848F38052564}.Debug|Any CPU.ActiveCfg = Debug|Any CPU
		{9A2B2B49-A3D4-F19B-FE10-848F38052564}.Debug|Any CPU.Build.0 = Debug|Any CPU
		{9A2B2B49-A3D4-F19B-FE10-848F38052564}.Release|Any CPU.ActiveCfg = Release|Any CPU
		{9A2B2B49-A3D4-F19B-FE10-848F38052564}.Release|Any CPU.Build.0 = Release|Any CPU
		{FB939B01-65AC-74E1-CF4B-6F526540827E}.Debug|Any CPU.ActiveCfg = Debug|Any CPU
		{FB939B01-65AC-74E1-CF4B-6F526540827E}.Debug|Any CPU.Build.0 = Debug|Any CPU
		{FB939B01-65AC-74E1-CF4B-6F526540827E}.Release|Any CPU.ActiveCfg = Release|Any CPU
		{FB939B01-65AC-74E1-CF4B-6F526540827E}.Release|Any CPU.Build.0 = Release|Any CPU
		{54C02332-66CA-794D-0DDA-A7AA63F41AF0}.Debug|Any CPU.ActiveCfg = Debug|Any CPU
		{54C02332-66CA-794D-0DDA-A7AA63F41AF0}.Debug|Any CPU.Build.0 = Debug|Any CPU
		{54C02332-66CA-794D-0DDA-A7AA63F41AF0}.Release|Any CPU.ActiveCfg = Release|Any CPU
		{54C02332-66CA-794D-0DDA-A7AA63F41AF0}.Release|Any CPU.Build.0 = Release|Any CPU
		{CEAB3A36-B2BC-3C00-D256-4B043DCDBC42}.Debug|Any CPU.ActiveCfg = Debug|Any CPU
		{CEAB3A36-B2BC-3C00-D256-4B043DCDBC42}.Debug|Any CPU.Build.0 = Debug|Any CPU
		{CEAB3A36-B2BC-3C00-D256-4B043DCDBC42}.Release|Any CPU.ActiveCfg = Release|Any CPU
		{CEAB3A36-B2BC-3C00-D256-4B043DCDBC42}.Release|Any CPU.Build.0 = Release|Any CPU
		{D6BE9F54-05D5-544C-F795-E8E8FB0C9F7F}.Debug|Any CPU.ActiveCfg = Debug|Any CPU
		{D6BE9F54-05D5-544C-F795-E8E8FB0C9F7F}.Debug|Any CPU.Build.0 = Debug|Any CPU
		{D6BE9F54-05D5-544C-F795-E8E8FB0C9F7F}.Release|Any CPU.ActiveCfg = Release|Any CPU
		{D6BE9F54-05D5-544C-F795-E8E8FB0C9F7F}.Release|Any CPU.Build.0 = Release|Any CPU
		{95294B77-FAB3-6BAE-9BA5-F20D2D5C05AD}.Debug|Any CPU.ActiveCfg = Debug|Any CPU
		{95294B77-FAB3-6BAE-9BA5-F20D2D5C05AD}.Debug|Any CPU.Build.0 = Debug|Any CPU
		{95294B77-FAB3-6BAE-9BA5-F20D2D5C05AD}.Release|Any CPU.ActiveCfg = Release|Any CPU
		{95294B77-FAB3-6BAE-9BA5-F20D2D5C05AD}.Release|Any CPU.Build.0 = Release|Any CPU
		{50C30809-AE72-571A-5DCC-A2C63630CCA5}.Debug|Any CPU.ActiveCfg = Debug|Any CPU
		{50C30809-AE72-571A-5DCC-A2C63630CCA5}.Debug|Any CPU.Build.0 = Debug|Any CPU
		{50C30809-AE72-571A-5DCC-A2C63630CCA5}.Release|Any CPU.ActiveCfg = Release|Any CPU
		{50C30809-AE72-571A-5DCC-A2C63630CCA5}.Release|Any CPU.Build.0 = Release|Any CPU
		{34397FA1-E180-2794-D57A-234FE739EC65}.Debug|Any CPU.ActiveCfg = Debug|Any CPU
		{34397FA1-E180-2794-D57A-234FE739EC65}.Debug|Any CPU.Build.0 = Debug|Any CPU
		{34397FA1-E180-2794-D57A-234FE739EC65}.Release|Any CPU.ActiveCfg = Release|Any CPU
		{34397FA1-E180-2794-D57A-234FE739EC65}.Release|Any CPU.Build.0 = Release|Any CPU
		{FDC88AF8-1BF4-8324-DBAC-15D21EB38008}.Debug|Any CPU.ActiveCfg = Debug|Any CPU
		{FDC88AF8-1BF4-8324-DBAC-15D21EB38008}.Debug|Any CPU.Build.0 = Debug|Any CPU
		{FDC88AF8-1BF4-8324-DBAC-15D21EB38008}.Release|Any CPU.ActiveCfg = Release|Any CPU
		{FDC88AF8-1BF4-8324-DBAC-15D21EB38008}.Release|Any CPU.Build.0 = Release|Any CPU
		{6DF51865-193C-7CE6-890E-326C11216BAC}.Debug|Any CPU.ActiveCfg = Debug|Any CPU
		{6DF51865-193C-7CE6-890E-326C11216BAC}.Debug|Any CPU.Build.0 = Debug|Any CPU
		{6DF51865-193C-7CE6-890E-326C11216BAC}.Release|Any CPU.ActiveCfg = Release|Any CPU
		{6DF51865-193C-7CE6-890E-326C11216BAC}.Release|Any CPU.Build.0 = Release|Any CPU
	EndGlobalSection
	GlobalSection(SolutionProperties) = preSolution
		HideSolutionNode = FALSE
	EndGlobalSection
EndGlobal
